
Microsoft Visual Studio Solution File, Format Version 12.00
# Visual Studio Version 17
VisualStudioVersion = 17.0.31903.59
MinimumVisualStudioVersion = 10.0.40219.1
Project("{FAE04EC0-301F-11D3-BF4B-00C04F79EFBC}") = "OpenChat.Desktop", "src\OpenChat.Desktop\OpenChat.Desktop.csproj", "{A1B2C3D4-E5F6-7890-ABCD-EF1234567890}"
EndProject
Project("{FAE04EC0-301F-11D3-BF4B-00C04F79EFBC}") = "OpenChat.Core", "src\OpenChat.Core\OpenChat.Core.csproj", "{B2C3D4E5-F6A7-8901-BCDE-F12345678901}"
EndProject
Project("{FAE04EC0-301F-11D3-BF4B-00C04F79EFBC}") = "OpenChat.UI", "src\OpenChat.UI\OpenChat.UI.csproj", "{C3D4E5F6-A7B8-9012-CDEF-123456789012}"
EndProject
Project("{FAE04EC0-301F-11D3-BF4B-00C04F79EFBC}") = "OpenChat.Core.Tests", "tests\OpenChat.Core.Tests\OpenChat.Core.Tests.csproj", "{D4E5F6A7-B8C9-0123-DEF0-234567890123}"
EndProject
Project("{FAE04EC0-301F-11D3-BF4B-00C04F79EFBC}") = "OpenChat.UI.Tests", "tests\OpenChat.UI.Tests\OpenChat.UI.Tests.csproj", "{E5F6A7B8-C9D0-1234-EF01-345678901234}"
EndProject
Project("{2150E333-8FDC-42A3-9474-1A3956D46DE8}") = "src", "src", "{827E0CD3-B72D-47B6-A68D-7590B98EB39B}"
EndProject
Project("{FAE04EC0-301F-11D3-BF4B-00C04F79EFBC}") = "OpenChat.Presentation", "src\OpenChat.Presentation\OpenChat.Presentation.csproj", "{7A13FB88-251D-4B5C-BF0B-7A89589F2D94}"
EndProject
Project("{FAE04EC0-301F-11D3-BF4B-00C04F79EFBC}") = "OpenChat.Android", "src\OpenChat.Android\OpenChat.Android.csproj", "{B4E45605-98EE-4104-8AB2-397CD6BA18BB}"
EndProject
Project("{2150E333-8FDC-42A3-9474-1A3956D46DE8}") = "tests", "tests", "{0AB3BF05-4346-4AA6-1389-037BE0695223}"
EndProject
Project("{FAE04EC0-301F-11D3-BF4B-00C04F79EFBC}") = "OpenChat.Diagnostics", "tests\OpenChat.Diagnostics\OpenChat.Diagnostics.csproj", "{C42C2108-9E2B-49E3-A0D6-2DAA0E93657D}"
EndProject
Project("{2150E333-8FDC-42A3-9474-1A3956D46DE8}") = "lib", "lib", "{3A8DF596-E814-FECC-DD4B-D8EF8AAC1A0D}"
EndProject
Project("{2150E333-8FDC-42A3-9474-1A3956D46DE8}") = "dotnet-mls", "dotnet-mls", "{E4809A61-34C4-D944-A254-CDF167648F4B}"
EndProject
Project("{FAE04EC0-301F-11D3-BF4B-00C04F79EFBC}") = "DotnetMls", "lib\dotnet-mls\src\DotnetMls\DotnetMls.csproj", "{3358B675-F07F-419D-8BA5-D032C1815438}"
EndProject
Project("{FAE04EC0-301F-11D3-BF4B-00C04F79EFBC}") = "DotnetMls.Crypto", "lib\dotnet-mls\src\DotnetMls.Crypto\DotnetMls.Crypto.csproj", "{578CDDF0-8820-40E8-9AE1-088F8C07FEAE}"
EndProject
Project("{2150E333-8FDC-42A3-9474-1A3956D46DE8}") = "marmot-cs", "marmot-cs", "{A479DFBE-5708-B8F3-8FC0-8F4C0EB0285F}"
EndProject
Project("{FAE04EC0-301F-11D3-BF4B-00C04F79EFBC}") = "MarmotCs.Core", "lib\marmot-cs\src\MarmotCs.Core\MarmotCs.Core.csproj", "{774D53F0-C01B-4BCF-8F57-DDDA20A072ED}"
EndProject
Project("{FAE04EC0-301F-11D3-BF4B-00C04F79EFBC}") = "MarmotCs.Protocol", "lib\marmot-cs\src\MarmotCs.Protocol\MarmotCs.Protocol.csproj", "{BCAA45AB-7439-4BF2-81B6-2F33BA18E44C}"
EndProject
Project("{FAE04EC0-301F-11D3-BF4B-00C04F79EFBC}") = "MarmotCs.Storage.Abstractions", "lib\marmot-cs\src\MarmotCs.Storage.Abstractions\MarmotCs.Storage.Abstractions.csproj", "{6001E3FF-A8E5-4192-9EA6-573E61382390}"
EndProject
Project("{FAE04EC0-301F-11D3-BF4B-00C04F79EFBC}") = "MarmotCs.Storage.Memory", "lib\marmot-cs\src\MarmotCs.Storage.Memory\MarmotCs.Storage.Memory.csproj", "{03912C84-5D1D-4F6B-9DDE-42E4D04A22C4}"
EndProject
Project("{FAE04EC0-301F-11D3-BF4B-00C04F79EFBC}") = "MarmotCs.Storage.Sqlite", "lib\marmot-cs\src\MarmotCs.Storage.Sqlite\MarmotCs.Storage.Sqlite.csproj", "{F14987A6-109D-4777-B498-C6B0700D27FA}"
EndProject
Global
	GlobalSection(SolutionConfigurationPlatforms) = preSolution
		Debug|Any CPU = Debug|Any CPU
		Debug|x64 = Debug|x64
		Debug|x86 = Debug|x86
		Release|Any CPU = Release|Any CPU
		Release|x64 = Release|x64
		Release|x86 = Release|x86
	EndGlobalSection
	GlobalSection(ProjectConfigurationPlatforms) = postSolution
		{A1B2C3D4-E5F6-7890-ABCD-EF1234567890}.Debug|Any CPU.ActiveCfg = Debug|Any CPU
		{A1B2C3D4-E5F6-7890-ABCD-EF1234567890}.Debug|Any CPU.Build.0 = Debug|Any CPU
		{A1B2C3D4-E5F6-7890-ABCD-EF1234567890}.Debug|x64.ActiveCfg = Debug|Any CPU
		{A1B2C3D4-E5F6-7890-ABCD-EF1234567890}.Debug|x64.Build.0 = Debug|Any CPU
		{A1B2C3D4-E5F6-7890-ABCD-EF1234567890}.Debug|x86.ActiveCfg = Debug|Any CPU
		{A1B2C3D4-E5F6-7890-ABCD-EF1234567890}.Debug|x86.Build.0 = Debug|Any CPU
		{A1B2C3D4-E5F6-7890-ABCD-EF1234567890}.Release|Any CPU.ActiveCfg = Release|Any CPU
		{A1B2C3D4-E5F6-7890-ABCD-EF1234567890}.Release|Any CPU.Build.0 = Release|Any CPU
		{A1B2C3D4-E5F6-7890-ABCD-EF1234567890}.Release|x64.ActiveCfg = Release|Any CPU
		{A1B2C3D4-E5F6-7890-ABCD-EF1234567890}.Release|x64.Build.0 = Release|Any CPU
		{A1B2C3D4-E5F6-7890-ABCD-EF1234567890}.Release|x86.ActiveCfg = Release|Any CPU
		{A1B2C3D4-E5F6-7890-ABCD-EF1234567890}.Release|x86.Build.0 = Release|Any CPU
		{B2C3D4E5-F6A7-8901-BCDE-F12345678901}.Debug|Any CPU.ActiveCfg = Debug|Any CPU
		{B2C3D4E5-F6A7-8901-BCDE-F12345678901}.Debug|Any CPU.Build.0 = Debug|Any CPU
		{B2C3D4E5-F6A7-8901-BCDE-F12345678901}.Debug|x64.ActiveCfg = Debug|Any CPU
		{B2C3D4E5-F6A7-8901-BCDE-F12345678901}.Debug|x64.Build.0 = Debug|Any CPU
		{B2C3D4E5-F6A7-8901-BCDE-F12345678901}.Debug|x86.ActiveCfg = Debug|Any CPU
		{B2C3D4E5-F6A7-8901-BCDE-F12345678901}.Debug|x86.Build.0 = Debug|Any CPU
		{B2C3D4E5-F6A7-8901-BCDE-F12345678901}.Release|Any CPU.ActiveCfg = Release|Any CPU
		{B2C3D4E5-F6A7-8901-BCDE-F12345678901}.Release|Any CPU.Build.0 = Release|Any CPU
		{B2C3D4E5-F6A7-8901-BCDE-F12345678901}.Release|x64.ActiveCfg = Release|Any CPU
		{B2C3D4E5-F6A7-8901-BCDE-F12345678901}.Release|x64.Build.0 = Release|Any CPU
		{B2C3D4E5-F6A7-8901-BCDE-F12345678901}.Release|x86.ActiveCfg = Release|Any CPU
		{B2C3D4E5-F6A7-8901-BCDE-F12345678901}.Release|x86.Build.0 = Release|Any CPU
		{C3D4E5F6-A7B8-9012-CDEF-123456789012}.Debug|Any CPU.ActiveCfg = Debug|Any CPU
		{C3D4E5F6-A7B8-9012-CDEF-123456789012}.Debug|Any CPU.Build.0 = Debug|Any CPU
		{C3D4E5F6-A7B8-9012-CDEF-123456789012}.Debug|x64.ActiveCfg = Debug|Any CPU
		{C3D4E5F6-A7B8-9012-CDEF-123456789012}.Debug|x64.Build.0 = Debug|Any CPU
		{C3D4E5F6-A7B8-9012-CDEF-123456789012}.Debug|x86.ActiveCfg = Debug|Any CPU
		{C3D4E5F6-A7B8-9012-CDEF-123456789012}.Debug|x86.Build.0 = Debug|Any CPU
		{C3D4E5F6-A7B8-9012-CDEF-123456789012}.Release|Any CPU.ActiveCfg = Release|Any CPU
		{C3D4E5F6-A7B8-9012-CDEF-123456789012}.Release|Any CPU.Build.0 = Release|Any CPU
		{C3D4E5F6-A7B8-9012-CDEF-123456789012}.Release|x64.ActiveCfg = Release|Any CPU
		{C3D4E5F6-A7B8-9012-CDEF-123456789012}.Release|x64.Build.0 = Release|Any CPU
		{C3D4E5F6-A7B8-9012-CDEF-123456789012}.Release|x86.ActiveCfg = Release|Any CPU
		{C3D4E5F6-A7B8-9012-CDEF-123456789012}.Release|x86.Build.0 = Release|Any CPU
		{D4E5F6A7-B8C9-0123-DEF0-234567890123}.Debug|Any CPU.ActiveCfg = Debug|Any CPU
		{D4E5F6A7-B8C9-0123-DEF0-234567890123}.Debug|Any CPU.Build.0 = Debug|Any CPU
		{D4E5F6A7-B8C9-0123-DEF0-234567890123}.Debug|x64.ActiveCfg = Debug|Any CPU
		{D4E5F6A7-B8C9-0123-DEF0-234567890123}.Debug|x64.Build.0 = Debug|Any CPU
		{D4E5F6A7-B8C9-0123-DEF0-234567890123}.Debug|x86.ActiveCfg = Debug|Any CPU
		{D4E5F6A7-B8C9-0123-DEF0-234567890123}.Debug|x86.Build.0 = Debug|Any CPU
		{D4E5F6A7-B8C9-0123-DEF0-234567890123}.Release|Any CPU.ActiveCfg = Release|Any CPU
		{D4E5F6A7-B8C9-0123-DEF0-234567890123}.Release|Any CPU.Build.0 = Release|Any CPU
		{D4E5F6A7-B8C9-0123-DEF0-234567890123}.Release|x64.ActiveCfg = Release|Any CPU
		{D4E5F6A7-B8C9-0123-DEF0-234567890123}.Release|x64.Build.0 = Release|Any CPU
		{D4E5F6A7-B8C9-0123-DEF0-234567890123}.Release|x86.ActiveCfg = Release|Any CPU
		{D4E5F6A7-B8C9-0123-DEF0-234567890123}.Release|x86.Build.0 = Release|Any CPU
		{E5F6A7B8-C9D0-1234-EF01-345678901234}.Debug|Any CPU.ActiveCfg = Debug|Any CPU
		{E5F6A7B8-C9D0-1234-EF01-345678901234}.Debug|Any CPU.Build.0 = Debug|Any CPU
		{E5F6A7B8-C9D0-1234-EF01-345678901234}.Debug|x64.ActiveCfg = Debug|Any CPU
		{E5F6A7B8-C9D0-1234-EF01-345678901234}.Debug|x64.Build.0 = Debug|Any CPU
		{E5F6A7B8-C9D0-1234-EF01-345678901234}.Debug|x86.ActiveCfg = Debug|Any CPU
		{E5F6A7B8-C9D0-1234-EF01-345678901234}.Debug|x86.Build.0 = Debug|Any CPU
		{E5F6A7B8-C9D0-1234-EF01-345678901234}.Release|Any CPU.ActiveCfg = Release|Any CPU
		{E5F6A7B8-C9D0-1234-EF01-345678901234}.Release|Any CPU.Build.0 = Release|Any CPU
		{E5F6A7B8-C9D0-1234-EF01-345678901234}.Release|x64.ActiveCfg = Release|Any CPU
		{E5F6A7B8-C9D0-1234-EF01-345678901234}.Release|x64.Build.0 = Release|Any CPU
		{E5F6A7B8-C9D0-1234-EF01-345678901234}.Release|x86.ActiveCfg = Release|Any CPU
		{E5F6A7B8-C9D0-1234-EF01-345678901234}.Release|x86.Build.0 = Release|Any CPU
		{7A13FB88-251D-4B5C-BF0B-7A89589F2D94}.Debug|Any CPU.ActiveCfg = Debug|Any CPU
		{7A13FB88-251D-4B5C-BF0B-7A89589F2D94}.Debug|Any CPU.Build.0 = Debug|Any CPU
		{7A13FB88-251D-4B5C-BF0B-7A89589F2D94}.Debug|x64.ActiveCfg = Debug|Any CPU
		{7A13FB88-251D-4B5C-BF0B-7A89589F2D94}.Debug|x64.Build.0 = Debug|Any CPU
		{7A13FB88-251D-4B5C-BF0B-7A89589F2D94}.Debug|x86.ActiveCfg = Debug|Any CPU
		{7A13FB88-251D-4B5C-BF0B-7A89589F2D94}.Debug|x86.Build.0 = Debug|Any CPU
		{7A13FB88-251D-4B5C-BF0B-7A89589F2D94}.Release|Any CPU.ActiveCfg = Release|Any CPU
		{7A13FB88-251D-4B5C-BF0B-7A89589F2D94}.Release|Any CPU.Build.0 = Release|Any CPU
		{7A13FB88-251D-4B5C-BF0B-7A89589F2D94}.Release|x64.ActiveCfg = Release|Any CPU
		{7A13FB88-251D-4B5C-BF0B-7A89589F2D94}.Release|x64.Build.0 = Release|Any CPU
		{7A13FB88-251D-4B5C-BF0B-7A89589F2D94}.Release|x86.ActiveCfg = Release|Any CPU
		{7A13FB88-251D-4B5C-BF0B-7A89589F2D94}.Release|x86.Build.0 = Release|Any CPU
		{B4E45605-98EE-4104-8AB2-397CD6BA18BB}.Debug|Any CPU.ActiveCfg = Debug|Any CPU
		{B4E45605-98EE-4104-8AB2-397CD6BA18BB}.Debug|Any CPU.Build.0 = Debug|Any CPU
		{B4E45605-98EE-4104-8AB2-397CD6BA18BB}.Debug|x64.ActiveCfg = Debug|Any CPU
		{B4E45605-98EE-4104-8AB2-397CD6BA18BB}.Debug|x64.Build.0 = Debug|Any CPU
		{B4E45605-98EE-4104-8AB2-397CD6BA18BB}.Debug|x86.ActiveCfg = Debug|Any CPU
		{B4E45605-98EE-4104-8AB2-397CD6BA18BB}.Debug|x86.Build.0 = Debug|Any CPU
		{B4E45605-98EE-4104-8AB2-397CD6BA18BB}.Release|Any CPU.ActiveCfg = Release|Any CPU
		{B4E45605-98EE-4104-8AB2-397CD6BA18BB}.Release|Any CPU.Build.0 = Release|Any CPU
		{B4E45605-98EE-4104-8AB2-397CD6BA18BB}.Release|x64.ActiveCfg = Release|Any CPU
		{B4E45605-98EE-4104-8AB2-397CD6BA18BB}.Release|x64.Build.0 = Release|Any CPU
		{B4E45605-98EE-4104-8AB2-397CD6BA18BB}.Release|x86.ActiveCfg = Release|Any CPU
		{B4E45605-98EE-4104-8AB2-397CD6BA18BB}.Release|x86.Build.0 = Release|Any CPU
		{C42C2108-9E2B-49E3-A0D6-2DAA0E93657D}.Debug|Any CPU.ActiveCfg = Debug|Any CPU
		{C42C2108-9E2B-49E3-A0D6-2DAA0E93657D}.Debug|Any CPU.Build.0 = Debug|Any CPU
		{C42C2108-9E2B-49E3-A0D6-2DAA0E93657D}.Debug|x64.ActiveCfg = Debug|Any CPU
		{C42C2108-9E2B-49E3-A0D6-2DAA0E93657D}.Debug|x64.Build.0 = Debug|Any CPU
		{C42C2108-9E2B-49E3-A0D6-2DAA0E93657D}.Debug|x86.ActiveCfg = Debug|Any CPU
		{C42C2108-9E2B-49E3-A0D6-2DAA0E93657D}.Debug|x86.Build.0 = Debug|Any CPU
		{C42C2108-9E2B-49E3-A0D6-2DAA0E93657D}.Release|Any CPU.ActiveCfg = Release|Any CPU
		{C42C2108-9E2B-49E3-A0D6-2DAA0E93657D}.Release|Any CPU.Build.0 = Release|Any CPU
		{C42C2108-9E2B-49E3-A0D6-2DAA0E93657D}.Release|x64.ActiveCfg = Release|Any CPU
		{C42C2108-9E2B-49E3-A0D6-2DAA0E93657D}.Release|x64.Build.0 = Release|Any CPU
		{C42C2108-9E2B-49E3-A0D6-2DAA0E93657D}.Release|x86.ActiveCfg = Release|Any CPU
		{C42C2108-9E2B-49E3-A0D6-2DAA0E93657D}.Release|x86.Build.0 = Release|Any CPU
		{3358B675-F07F-419D-8BA5-D032C1815438}.Debug|Any CPU.ActiveCfg = Debug|Any CPU
		{3358B675-F07F-419D-8BA5-D032C1815438}.Debug|Any CPU.Build.0 = Debug|Any CPU
		{3358B675-F07F-419D-8BA5-D032C1815438}.Debug|x64.ActiveCfg = Debug|Any CPU
		{3358B675-F07F-419D-8BA5-D032C1815438}.Debug|x64.Build.0 = Debug|Any CPU
		{3358B675-F07F-419D-8BA5-D032C1815438}.Debug|x86.ActiveCfg = Debug|Any CPU
		{3358B675-F07F-419D-8BA5-D032C1815438}.Debug|x86.Build.0 = Debug|Any CPU
		{3358B675-F07F-419D-8BA5-D032C1815438}.Release|Any CPU.ActiveCfg = Release|Any CPU
		{3358B675-F07F-419D-8BA5-D032C1815438}.Release|Any CPU.Build.0 = Release|Any CPU
		{3358B675-F07F-419D-8BA5-D032C1815438}.Release|x64.ActiveCfg = Release|Any CPU
		{3358B675-F07F-419D-8BA5-D032C1815438}.Release|x64.Build.0 = Release|Any CPU
		{3358B675-F07F-419D-8BA5-D032C1815438}.Release|x86.ActiveCfg = Release|Any CPU
		{3358B675-F07F-419D-8BA5-D032C1815438}.Release|x86.Build.0 = Release|Any CPU
		{578CDDF0-8820-40E8-9AE1-088F8C07FEAE}.Debug|Any CPU.ActiveCfg = Debug|Any CPU
		{578CDDF0-8820-40E8-9AE1-088F8C07FEAE}.Debug|Any CPU.Build.0 = Debug|Any CPU
		{578CDDF0-8820-40E8-9AE1-088F8C07FEAE}.Debug|x64.ActiveCfg = Debug|Any CPU
		{578CDDF0-8820-40E8-9AE1-088F8C07FEAE}.Debug|x64.Build.0 = Debug|Any CPU
		{578CDDF0-8820-40E8-9AE1-088F8C07FEAE}.Debug|x86.ActiveCfg = Debug|Any CPU
		{578CDDF0-8820-40E8-9AE1-088F8C07FEAE}.Debug|x86.Build.0 = Debug|Any CPU
		{578CDDF0-8820-40E8-9AE1-088F8C07FEAE}.Release|Any CPU.ActiveCfg = Release|Any CPU
		{578CDDF0-8820-40E8-9AE1-088F8C07FEAE}.Release|Any CPU.Build.0 = Release|Any CPU
		{578CDDF0-8820-40E8-9AE1-088F8C07FEAE}.Release|x64.ActiveCfg = Release|Any CPU
		{578CDDF0-8820-40E8-9AE1-088F8C07FEAE}.Release|x64.Build.0 = Release|Any CPU
		{578CDDF0-8820-40E8-9AE1-088F8C07FEAE}.Release|x86.ActiveCfg = Release|Any CPU
		{578CDDF0-8820-40E8-9AE1-088F8C07FEAE}.Release|x86.Build.0 = Release|Any CPU
		{774D53F0-C01B-4BCF-8F57-DDDA20A072ED}.Debug|Any CPU.ActiveCfg = Debug|Any CPU
		{774D53F0-C01B-4BCF-8F57-DDDA20A072ED}.Debug|Any CPU.Build.0 = Debug|Any CPU
		{774D53F0-C01B-4BCF-8F57-DDDA20A072ED}.Debug|x64.ActiveCfg = Debug|Any CPU
		{774D53F0-C01B-4BCF-8F57-DDDA20A072ED}.Debug|x64.Build.0 = Debug|Any CPU
		{774D53F0-C01B-4BCF-8F57-DDDA20A072ED}.Debug|x86.ActiveCfg = Debug|Any CPU
		{774D53F0-C01B-4BCF-8F57-DDDA20A072ED}.Debug|x86.Build.0 = Debug|Any CPU
		{774D53F0-C01B-4BCF-8F57-DDDA20A072ED}.Release|Any CPU.ActiveCfg = Release|Any CPU
		{774D53F0-C01B-4BCF-8F57-DDDA20A072ED}.Release|Any CPU.Build.0 = Release|Any CPU
		{774D53F0-C01B-4BCF-8F57-DDDA20A072ED}.Release|x64.ActiveCfg = Release|Any CPU
		{774D53F0-C01B-4BCF-8F57-DDDA20A072ED}.Release|x64.Build.0 = Release|Any CPU
		{774D53F0-C01B-4BCF-8F57-DDDA20A072ED}.Release|x86.ActiveCfg = Release|Any CPU
		{774D53F0-C01B-4BCF-8F57-DDDA20A072ED}.Release|x86.Build.0 = Release|Any CPU
		{BCAA45AB-7439-4BF2-81B6-2F33BA18E44C}.Debug|Any CPU.ActiveCfg = Debug|Any CPU
		{BCAA45AB-7439-4BF2-81B6-2F33BA18E44C}.Debug|Any CPU.Build.0 = Debug|Any CPU
		{BCAA45AB-7439-4BF2-81B6-2F33BA18E44C}.Debug|x64.ActiveCfg = Debug|Any CPU
		{BCAA45AB-7439-4BF2-81B6-2F33BA18E44C}.Debug|x64.Build.0 = Debug|Any CPU
		{BCAA45AB-7439-4BF2-81B6-2F33BA18E44C}.Debug|x86.ActiveCfg = Debug|Any CPU
		{BCAA45AB-7439-4BF2-81B6-2F33BA18E44C}.Debug|x86.Build.0 = Debug|Any CPU
		{BCAA45AB-7439-4BF2-81B6-2F33BA18E44C}.Release|Any CPU.ActiveCfg = Release|Any CPU
		{BCAA45AB-7439-4BF2-81B6-2F33BA18E44C}.Release|Any CPU.Build.0 = Release|Any CPU
		{BCAA45AB-7439-4BF2-81B6-2F33BA18E44C}.Release|x64.ActiveCfg = Release|Any CPU
		{BCAA45AB-7439-4BF2-81B6-2F33BA18E44C}.Release|x64.Build.0 = Release|Any CPU
		{BCAA45AB-7439-4BF2-81B6-2F33BA18E44C}.Release|x86.ActiveCfg = Release|Any CPU
		{BCAA45AB-7439-4BF2-81B6-2F33BA18E44C}.Release|x86.Build.0 = Release|Any CPU
		{6001E3FF-A8E5-4192-9EA6-573E61382390}.Debug|Any CPU.ActiveCfg = Debug|Any CPU
		{6001E3FF-A8E5-4192-9EA6-573E61382390}.Debug|Any CPU.Build.0 = Debug|Any CPU
		{6001E3FF-A8E5-4192-9EA6-573E61382390}.Debug|x64.ActiveCfg = Debug|Any CPU
		{6001E3FF-A8E5-4192-9EA6-573E61382390}.Debug|x64.Build.0 = Debug|Any CPU
		{6001E3FF-A8E5-4192-9EA6-573E61382390}.Debug|x86.ActiveCfg = Debug|Any CPU
		{6001E3FF-A8E5-4192-9EA6-573E61382390}.Debug|x86.Build.0 = Debug|Any CPU
		{6001E3FF-A8E5-4192-9EA6-573E61382390}.Release|Any CPU.ActiveCfg = Release|Any CPU
		{6001E3FF-A8E5-4192-9EA6-573E61382390}.Release|Any CPU.Build.0 = Release|Any CPU
		{6001E3FF-A8E5-4192-9EA6-573E61382390}.Release|x64.ActiveCfg = Release|Any CPU
		{6001E3FF-A8E5-4192-9EA6-573E61382390}.Release|x64.Build.0 = Release|Any CPU
		{6001E3FF-A8E5-4192-9EA6-573E61382390}.Release|x86.ActiveCfg = Release|Any CPU
		{6001E3FF-A8E5-4192-9EA6-573E61382390}.Release|x86.Build.0 = Release|Any CPU
		{03912C84-5D1D-4F6B-9DDE-42E4D04A22C4}.Debug|Any CPU.ActiveCfg = Debug|Any CPU
		{03912C84-5D1D-4F6B-9DDE-42E4D04A22C4}.Debug|Any CPU.Build.0 = Debug|Any CPU
		{03912C84-5D1D-4F6B-9DDE-42E4D04A22C4}.Debug|x64.ActiveCfg = Debug|Any CPU
		{03912C84-5D1D-4F6B-9DDE-42E4D04A22C4}.Debug|x64.Build.0 = Debug|Any CPU
		{03912C84-5D1D-4F6B-9DDE-42E4D04A22C4}.Debug|x86.ActiveCfg = Debug|Any CPU
		{03912C84-5D1D-4F6B-9DDE-42E4D04A22C4}.Debug|x86.Build.0 = Debug|Any CPU
		{03912C84-5D1D-4F6B-9DDE-42E4D04A22C4}.Release|Any CPU.ActiveCfg = Release|Any CPU
		{03912C84-5D1D-4F6B-9DDE-42E4D04A22C4}.Release|Any CPU.Build.0 = Release|Any CPU
		{03912C84-5D1D-4F6B-9DDE-42E4D04A22C4}.Release|x64.ActiveCfg = Release|Any CPU
		{03912C84-5D1D-4F6B-9DDE-42E4D04A22C4}.Release|x64.Build.0 = Release|Any CPU
		{03912C84-5D1D-4F6B-9DDE-42E4D04A22C4}.Release|x86.ActiveCfg = Release|Any CPU
		{03912C84-5D1D-4F6B-9DDE-42E4D04A22C4}.Release|x86.Build.0 = Release|Any CPU
		{F14987A6-109D-4777-B498-C6B0700D27FA}.Debug|Any CPU.ActiveCfg = Debug|Any CPU
		{F14987A6-109D-4777-B498-C6B0700D27FA}.Debug|Any CPU.Build.0 = Debug|Any CPU
		{F14987A6-109D-4777-B498-C6B0700D27FA}.Debug|x64.ActiveCfg = Debug|Any CPU
		{F14987A6-109D-4777-B498-C6B0700D27FA}.Debug|x64.Build.0 = Debug|Any CPU
		{F14987A6-109D-4777-B498-C6B0700D27FA}.Debug|x86.ActiveCfg = Debug|Any CPU
		{F14987A6-109D-4777-B498-C6B0700D27FA}.Debug|x86.Build.0 = Debug|Any CPU
		{F14987A6-109D-4777-B498-C6B0700D27FA}.Release|Any CPU.ActiveCfg = Release|Any CPU
		{F14987A6-109D-4777-B498-C6B0700D27FA}.Release|Any CPU.Build.0 = Release|Any CPU
		{F14987A6-109D-4777-B498-C6B0700D27FA}.Release|x64.ActiveCfg = Release|Any CPU
		{F14987A6-109D-4777-B498-C6B0700D27FA}.Release|x64.Build.0 = Release|Any CPU
		{F14987A6-109D-4777-B498-C6B0700D27FA}.Release|x86.ActiveCfg = Release|Any CPU
		{F14987A6-109D-4777-B498-C6B0700D27FA}.Release|x86.Build.0 = Release|Any CPU
	EndGlobalSection
	GlobalSection(SolutionProperties) = preSolution
		HideSolutionNode = FALSE
	EndGlobalSection
	GlobalSection(NestedProjects) = preSolution
		{7A13FB88-251D-4B5C-BF0B-7A89589F2D94} = {827E0CD3-B72D-47B6-A68D-7590B98EB39B}
		{B4E45605-98EE-4104-8AB2-397CD6BA18BB} = {827E0CD3-B72D-47B6-A68D-7590B98EB39B}
		{C42C2108-9E2B-49E3-A0D6-2DAA0E93657D} = {0AB3BF05-4346-4AA6-1389-037BE0695223}
		{E4809A61-34C4-D944-A254-CDF167648F4B} = {3A8DF596-E814-FECC-DD4B-D8EF8AAC1A0D}
		{3358B675-F07F-419D-8BA5-D032C1815438} = {E4809A61-34C4-D944-A254-CDF167648F4B}
		{578CDDF0-8820-40E8-9AE1-088F8C07FEAE} = {E4809A61-34C4-D944-A254-CDF167648F4B}
		{A479DFBE-5708-B8F3-8FC0-8F4C0EB0285F} = {3A8DF596-E814-FECC-DD4B-D8EF8AAC1A0D}
		{774D53F0-C01B-4BCF-8F57-DDDA20A072ED} = {A479DFBE-5708-B8F3-8FC0-8F4C0EB0285F}
		{BCAA45AB-7439-4BF2-81B6-2F33BA18E44C} = {A479DFBE-5708-B8F3-8FC0-8F4C0EB0285F}
		{6001E3FF-A8E5-4192-9EA6-573E61382390} = {A479DFBE-5708-B8F3-8FC0-8F4C0EB0285F}
		{03912C84-5D1D-4F6B-9DDE-42E4D04A22C4} = {A479DFBE-5708-B8F3-8FC0-8F4C0EB0285F}
		{F14987A6-109D-4777-B498-C6B0700D27FA} = {A479DFBE-5708-B8F3-8FC0-8F4C0EB0285F}
	EndGlobalSection
EndGlobal
